
Microsoft Visual Studio Solution File, Format Version 12.00
# Visual Studio Version 17
VisualStudioVersion = 17.10.35122.118
MinimumVisualStudioVersion = 10.0.40219.1
Project("{FAE04EC0-301F-11D3-BF4B-00C04F79EFBC}") = "Marksman", "Marksman\Marksman.csproj", "{DB6AC9B5-8C0F-4826-97D4-B6458D79C088}"
EndProject
Global
	GlobalSection(SolutionConfigurationPlatforms) = preSolution
		Debug|Any CPU = Debug|Any CPU
		Release|Any CPU = Release|Any CPU
	EndGlobalSection
	GlobalSection(ProjectConfigurationPlatforms) = postSolution
		{DB6AC9B5-8C0F-4826-97D4-B6458D79C088}.Debug|Any CPU.ActiveCfg = Debug|Any CPU
		{DB6AC9B5-8C0F-4826-97D4-B6458D79C088}.Debug|Any CPU.Build.0 = Debug|Any CPU
		{DB6AC9B5-8C0F-4826-97D4-B6458D79C088}.Release|Any CPU.ActiveCfg = Release|Any CPU
		{DB6AC9B5-8C0F-4826-97D4-B6458D79C088}.Release|Any CPU.Build.0 = Release|Any CPU
	EndGlobalSection
	GlobalSection(SolutionProperties) = preSolution
		HideSolutionNode = FALSE
	EndGlobalSection
	GlobalSection(ExtensibilityGlobals) = postSolution
		SolutionGuid = {1332DD4B-8DA7-4585-BECE-DD77F22CE821}
	EndGlobalSection
EndGlobal
